{
  "version": 4,
  "terraform_version": "1.0.2",
  "serial": 221,
  "lineage": "c06e599e-5709-0e59-aee7-fd932628713e",
  "outputs": {
    "rendered_policy": {
      "value": "{\n  \"Version\": \"2012-10-17\",\n  \"Statement\": [\n    {\n      \"Sid\": \"\",\n      \"Effect\": \"Allow\",\n      \"Action\": [\n        \"logs:PutRetentionPolicy\",\n        \"logs:PutMetricFilter\",\n        \"logs:PutLogEvents\",\n        \"logs:CreateLogStream\",\n        \"logs:CreateLogGroup\"\n      ],\n      \"Resource\": \"*\"\n    },\n    {\n      \"Sid\": \"\",\n      \"Effect\": \"Allow\",\n      \"Action\": [\n        \"sns:SetTopicAttributes\",\n        \"sns:SetSubscriptionAttributes\",\n        \"sns:SetEndpointAttributes\",\n        \"sns:Publish\",\n        \"sns:List*\",\n        \"sns:GetTopicAttributes\",\n        \"sns:GetSubscriptionAttributes\",\n        \"sns:GetEndpointAttributes\",\n        \"sns:ConfirmSubscription\"\n      ],\n      \"Resource\": \"*\"\n    },\n    {\n      \"Sid\": \"\",\n      \"Effect\": \"Allow\",\n      \"Action\": \"iam:List*\",\n      \"Resource\": \"*\"\n    }\n  ]\n}",
      "type": "string"
    }
  },
  "resources": [
    {
      "mode": "data",
      "type": "aws_iam_policy_document",
      "name": "IAMNotifyPolDocTF",
      "provider": "provider[\"registry.terraform.io/hashicorp/aws\"]",
      "instances": [
        {
          "schema_version": 0,
          "attributes": {
            "id": "2445411412",
            "json": "{\n  \"Version\": \"2012-10-17\",\n  \"Statement\": [\n    {\n      \"Sid\": \"\",\n      \"Effect\": \"Allow\",\n      \"Action\": [\n        \"logs:PutRetentionPolicy\",\n        \"logs:PutMetricFilter\",\n        \"logs:PutLogEvents\",\n        \"logs:CreateLogStream\",\n        \"logs:CreateLogGroup\"\n      ],\n      \"Resource\": \"*\"\n    },\n    {\n      \"Sid\": \"\",\n      \"Effect\": \"Allow\",\n      \"Action\": [\n        \"sns:SetTopicAttributes\",\n        \"sns:SetSubscriptionAttributes\",\n        \"sns:SetEndpointAttributes\",\n        \"sns:Publish\",\n        \"sns:List*\",\n        \"sns:GetTopicAttributes\",\n        \"sns:GetSubscriptionAttributes\",\n        \"sns:GetEndpointAttributes\",\n        \"sns:ConfirmSubscription\"\n      ],\n      \"Resource\": \"*\"\n    },\n    {\n      \"Sid\": \"\",\n      \"Effect\": \"Allow\",\n      \"Action\": \"iam:List*\",\n      \"Resource\": \"*\"\n    }\n  ]\n}",
            "override_json": null,
            "override_policy_documents": null,
            "policy_id": null,
            "source_json": null,
            "source_policy_documents": null,
            "statement": [
              {
                "actions": [
                  "logs:CreateLogGroup",
                  "logs:CreateLogStream",
                  "logs:PutLogEvents",
                  "logs:PutMetricFilter",
                  "logs:PutRetentionPolicy"
                ],
                "condition": [],
                "effect": "Allow",
                "not_actions": [],
                "not_principals": [],
                "not_resources": [],
                "principals": [],
                "resources": [
                  "*"
                ],
                "sid": ""
              },
              {
                "actions": [
                  "sns:ConfirmSubscription",
                  "sns:GetEndpointAttributes",
                  "sns:GetSubscriptionAttributes",
                  "sns:GetTopicAttributes",
                  "sns:List*",
                  "sns:Publish",
                  "sns:SetEndpointAttributes",
                  "sns:SetSubscriptionAttributes",
                  "sns:SetTopicAttributes"
                ],
                "condition": [],
                "effect": "Allow",
                "not_actions": [],
                "not_principals": [],
                "not_resources": [],
                "principals": [],
                "resources": [
                  "*"
                ],
                "sid": ""
              },
              {
                "actions": [
                  "iam:List*"
                ],
                "condition": [],
                "effect": "Allow",
                "not_actions": [],
                "not_principals": [],
                "not_resources": [],
                "principals": [],
                "resources": [
                  "*"
                ],
                "sid": ""
              }
            ],
            "version": "2012-10-17"
          },
          "sensitive_attributes": []
        }
      ]
    },
    {
      "mode": "managed",
      "type": "aws_cloudwatch_event_rule",
      "name": "CLTerrLambdaEvRule",
      "provider": "provider[\"registry.terraform.io/hashicorp/aws\"]",
      "instances": [
        {
          "schema_version": 0,
          "attributes": {
            "arn": "arn:aws:events:ap-south-1:762993053330:rule/CLTerrLambdaEvRule",
            "description": "Trigger for Lambda Call",
            "event_bus_name": "default",
            "event_pattern": null,
            "id": "CLTerrLambdaEvRule",
            "is_enabled": false,
            "name": "CLTerrLambdaEvRule",
            "name_prefix": "",
            "role_arn": "",
            "schedule_expression": "rate(2 minutes)",
            "tags": null,
            "tags_all": {}
          },
          "sensitive_attributes": [],
          "private": "bnVsbA=="
        }
      ]
    },
    {
      "mode": "managed",
      "type": "aws_cloudwatch_event_target",
      "name": "CLTerrEvRuleTarget",
      "provider": "provider[\"registry.terraform.io/hashicorp/aws\"]",
      "instances": [
        {
          "schema_version": 1,
          "attributes": {
            "arn": "arn:aws:lambda:ap-south-1:762993053330:function:LambdaTestTerr",
            "batch_target": [],
            "dead_letter_config": [],
            "ecs_target": [],
            "event_bus_name": "default",
            "http_target": [],
            "id": "CLTerrLambdaEvRule-LambdaTestTerr",
            "input": "",
            "input_path": "",
            "input_transformer": [],
            "kinesis_target": [],
            "retry_policy": [],
            "role_arn": "",
            "rule": "CLTerrLambdaEvRule",
            "run_command_targets": [],
            "sqs_target": [],
            "target_id": "LambdaTestTerr"
          },
          "sensitive_attributes": [],
          "private": "eyJzY2hlbWFfdmVyc2lvbiI6IjEifQ==",
          "dependencies": [
            "aws_cloudwatch_event_rule.CLTerrLambdaEvRule",
            "aws_iam_role.LambdaTestIAM",
            "aws_lambda_function.LambdaTestTerr",
            "aws_sns_topic.LambdaSNSTopic"
          ]
        }
      ]
    },
    {
      "mode": "managed",
      "type": "aws_iam_policy",
      "name": "LambdaIAMNotifyPol",
      "provider": "provider[\"registry.terraform.io/hashicorp/aws\"]",
      "instances": [
        {
          "schema_version": 0,
          "attributes": {
            "arn": "arn:aws:iam::762993053330:policy/LambdaIAMNotifyPol",
            "description": "Policy for Lambda Function",
            "id": "arn:aws:iam::762993053330:policy/LambdaIAMNotifyPol",
            "name": "LambdaIAMNotifyPol",
            "name_prefix": null,
            "path": "/",
            "policy": "{\n  \"Version\": \"2012-10-17\",\n  \"Statement\": [\n    {\n      \"Sid\": \"\",\n      \"Effect\": \"Allow\",\n      \"Action\": [\n        \"logs:PutRetentionPolicy\",\n        \"logs:PutMetricFilter\",\n        \"logs:PutLogEvents\",\n        \"logs:CreateLogStream\",\n        \"logs:CreateLogGroup\"\n      ],\n      \"Resource\": \"*\"\n    },\n    {\n      \"Sid\": \"\",\n      \"Effect\": \"Allow\",\n      \"Action\": [\n        \"sns:SetTopicAttributes\",\n        \"sns:SetSubscriptionAttributes\",\n        \"sns:SetEndpointAttributes\",\n        \"sns:Publish\",\n        \"sns:List*\",\n        \"sns:GetTopicAttributes\",\n        \"sns:GetSubscriptionAttributes\",\n        \"sns:GetEndpointAttributes\",\n        \"sns:ConfirmSubscription\"\n      ],\n      \"Resource\": \"*\"\n    },\n    {\n      \"Sid\": \"\",\n      \"Effect\": \"Allow\",\n      \"Action\": \"iam:List*\",\n      \"Resource\": \"*\"\n    }\n  ]\n}",
            "policy_id": "ANPA3DJPOB2JD2JW7QFHM",
            "tags": null,
            "tags_all": {}
          },
          "sensitive_attributes": [],
          "private": "bnVsbA==",
          "dependencies": [
            "data.aws_iam_policy_document.IAMNotifyPolDocTF"
          ]
        }
      ]
    },
    {
      "mode": "managed",
      "type": "aws_iam_role",
      "name": "LambdaTestIAM",
      "provider": "provider[\"registry.terraform.io/hashicorp/aws\"]",
      "instances": [
        {
          "schema_version": 0,
          "attributes": {
            "arn": "arn:aws:iam::762993053330:role/LambdaIAMRoleTF",
            "assume_role_policy": "{\"Version\":\"2012-10-17\",\"Statement\":[{\"Sid\":\"\",\"Effect\":\"Allow\",\"Principal\":{\"Service\":\"lambda.amazonaws.com\"},\"Action\":\"sts:AssumeRole\"}]}",
            "create_date": "2021-07-28T19:15:02Z",
            "description": "",
            "force_detach_policies": false,
            "id": "LambdaIAMRoleTF",
            "inline_policy": [
              {
                "name": "",
                "policy": ""
              }
            ],
            "managed_policy_arns": [],
            "max_session_duration": 3600,
            "name": "LambdaIAMRoleTF",
            "name_prefix": null,
            "path": "/",
            "permissions_boundary": null,
            "tags": null,
            "tags_all": {},
            "unique_id": "AROA3DJPOB2JGPYJ6QETC"
          },
          "sensitive_attributes": [],
          "private": "bnVsbA=="
        }
      ]
    },
    {
      "mode": "managed",
      "type": "aws_iam_role_policy_attachment",
      "name": "IAMLambdaPolAttachTF",
      "provider": "provider[\"registry.terraform.io/hashicorp/aws\"]",
      "instances": [
        {
          "schema_version": 0,
          "attributes": {
            "id": "LambdaIAMRoleTF-20210728191508202400000001",
            "policy_arn": "arn:aws:iam::762993053330:policy/LambdaIAMNotifyPol",
            "role": "LambdaIAMRoleTF"
          },
          "sensitive_attributes": [],
          "private": "bnVsbA==",
          "dependencies": [
            "aws_iam_policy.LambdaIAMNotifyPol",
            "aws_iam_role.LambdaTestIAM",
            "data.aws_iam_policy_document.IAMNotifyPolDocTF"
          ]
        }
      ]
    },
    {
      "mode": "managed",
      "type": "aws_lambda_function",
      "name": "LambdaTestTerr",
      "provider": "provider[\"registry.terraform.io/hashicorp/aws\"]",
      "instances": [
        {
          "schema_version": 0,
          "attributes": {
            "arn": "arn:aws:lambda:ap-south-1:762993053330:function:LambdaTestTerr",
            "code_signing_config_arn": "",
            "dead_letter_config": [],
            "description": "IAM User Key Test Lambda",
            "environment": [
              {
                "variables": {
                  "TopicArn": "arn:aws:sns:ap-south-1:762993053330:LambdaSNSTopic",
                  "key_age": "0",
                  "region": "ap-south-1"
                }
              }
            ],
            "file_system_config": [],
            "filename": "./Lambda-Code.zip",
            "function_name": "LambdaTestTerr",
            "handler": "lambda_function.lambda_handler",
            "id": "LambdaTestTerr",
            "image_config": [],
            "image_uri": "",
            "invoke_arn": "arn:aws:apigateway:ap-south-1:lambda:path/2015-03-31/functions/arn:aws:lambda:ap-south-1:762993053330:function:LambdaTestTerr/invocations",
            "kms_key_arn": "",
            "last_modified": "2021-07-28T19:15:13.466+0000",
            "layers": null,
            "memory_size": 128,
            "package_type": "Zip",
            "publish": true,
            "qualified_arn": "arn:aws:lambda:ap-south-1:762993053330:function:LambdaTestTerr:8",
            "reserved_concurrent_executions": -1,
            "role": "arn:aws:iam::762993053330:role/LambdaIAMRoleTF",
            "runtime": "python3.6",
            "s3_bucket": null,
            "s3_key": null,
            "s3_object_version": null,
            "signing_job_arn": "",
            "signing_profile_version_arn": "",
            "source_code_hash": "6hwV4yqP4PZ2Q3A8v+1uMZCZ4yrPs6TYTYlw39W4PGM=",
            "source_code_size": 1068,
            "tags": null,
            "tags_all": {},
            "timeout": 300,
            "timeouts": null,
            "tracing_config": [
              {
                "mode": "PassThrough"
              }
            ],
            "version": "8",
            "vpc_config": []
          },
          "sensitive_attributes": [],
          "private": "eyJlMmJmYjczMC1lY2FhLTExZTYtOGY4OC0zNDM2M2JjN2M0YzAiOnsiY3JlYXRlIjo2MDAwMDAwMDAwMDB9fQ==",
          "dependencies": [
            "aws_iam_role.LambdaTestIAM",
            "aws_sns_topic.LambdaSNSTopic"
          ]
        }
      ]
    },
    {
      "mode": "managed",
      "type": "aws_lambda_permission",
      "name": "allow_cloudwatch_to_call_Lambda",
      "provider": "provider[\"registry.terraform.io/hashicorp/aws\"]",
      "instances": [
        {
          "schema_version": 0,
          "attributes": {
            "action": "lambda:InvokeFunction",
            "event_source_token": null,
            "function_name": "LambdaTestTerr",
            "id": "AllowExecutionFromCloudWatch",
            "principal": "events.amazonaws.com",
            "qualifier": "",
            "source_account": null,
            "source_arn": "arn:aws:events:ap-south-1:762993053330:rule/CLTerrLambdaEvRule",
            "statement_id": "AllowExecutionFromCloudWatch",
            "statement_id_prefix": null
          },
          "sensitive_attributes": [],
          "private": "bnVsbA==",
          "dependencies": [
            "aws_cloudwatch_event_rule.CLTerrLambdaEvRule",
            "aws_iam_role.LambdaTestIAM",
            "aws_lambda_function.LambdaTestTerr",
            "aws_sns_topic.LambdaSNSTopic"
          ]
        }
      ]
    },
    {
      "mode": "managed",
      "type": "aws_sns_topic",
      "name": "LambdaSNSTopic",
      "provider": "provider[\"registry.terraform.io/hashicorp/aws\"]",
      "instances": [
        {
          "schema_version": 0,
          "attributes": {
            "application_failure_feedback_role_arn": "",
            "application_success_feedback_role_arn": "",
            "application_success_feedback_sample_rate": null,
            "arn": "arn:aws:sns:ap-south-1:762993053330:LambdaSNSTopic",
            "content_based_deduplication": false,
            "delivery_policy": "",
            "display_name": "",
            "fifo_topic": false,
            "firehose_failure_feedback_role_arn": "",
            "firehose_success_feedback_role_arn": "",
            "firehose_success_feedback_sample_rate": null,
            "http_failure_feedback_role_arn": "",
            "http_success_feedback_role_arn": "",
            "http_success_feedback_sample_rate": null,
            "id": "arn:aws:sns:ap-south-1:762993053330:LambdaSNSTopic",
            "kms_master_key_id": "",
            "lambda_failure_feedback_role_arn": "",
            "lambda_success_feedback_role_arn": "",
            "lambda_success_feedback_sample_rate": null,
            "name": "LambdaSNSTopic",
            "name_prefix": "",
            "owner": "762993053330",
            "policy": "{\"Version\":\"2008-10-17\",\"Id\":\"__default_policy_ID\",\"Statement\":[{\"Sid\":\"__default_statement_ID\",\"Effect\":\"Allow\",\"Principal\":{\"AWS\":\"*\"},\"Action\":[\"SNS:GetTopicAttributes\",\"SNS:SetTopicAttributes\",\"SNS:AddPermission\",\"SNS:RemovePermission\",\"SNS:DeleteTopic\",\"SNS:Subscribe\",\"SNS:ListSubscriptionsByTopic\",\"SNS:Publish\",\"SNS:Receive\"],\"Resource\":\"arn:aws:sns:ap-south-1:762993053330:LambdaSNSTopic\",\"Condition\":{\"StringEquals\":{\"AWS:SourceOwner\":\"762993053330\"}}}]}",
            "sqs_failure_feedback_role_arn": "",
            "sqs_success_feedback_role_arn": "",
            "sqs_success_feedback_sample_rate": null,
            "tags": null,
            "tags_all": {}
          },
          "sensitive_attributes": [],
          "private": "bnVsbA=="
        }
      ]
    },
    {
      "mode": "managed",
      "type": "aws_sns_topic_subscription",
      "name": "email-target",
      "provider": "provider[\"registry.terraform.io/hashicorp/aws\"]",
      "instances": [
        {
          "schema_version": 0,
          "attributes": {
            "arn": "arn:aws:sns:ap-south-1:762993053330:LambdaSNSTopic:e4e99d5b-53a6-4141-bcf1-6a79ed97e6cd",
            "confirmation_timeout_in_minutes": 1,
            "confirmation_was_authenticated": false,
            "delivery_policy": "",
            "endpoint": "mayankdpathak@gmail.com",
            "endpoint_auto_confirms": false,
            "filter_policy": "",
            "id": "arn:aws:sns:ap-south-1:762993053330:LambdaSNSTopic:e4e99d5b-53a6-4141-bcf1-6a79ed97e6cd",
            "owner_id": "762993053330",
            "pending_confirmation": true,
            "protocol": "email",
            "raw_message_delivery": false,
            "redrive_policy": "",
            "subscription_role_arn": "",
            "topic_arn": "arn:aws:sns:ap-south-1:762993053330:LambdaSNSTopic"
          },
          "sensitive_attributes": [],
          "private": "bnVsbA==",
          "dependencies": [
            "aws_sns_topic.LambdaSNSTopic"
          ]
        }
      ]
    }
  ]
}
